
Microsoft Visual Studio Solution File, Format Version 11.00
# Visual Studio 2010
Project("{F184B08F-C81C-45F6-A57F-5ABD9991F28F}") = "Form Login", "Form Login\Form Login.vbproj", "{9AE2F13A-2C88-4E01-AA8C-3FDA935C0CDE}"
EndProject
Global
	GlobalSection(SolutionConfigurationPlatforms) = preSolution
		Debug|Any CPU = Debug|Any CPU
		Release|Any CPU = Release|Any CPU
	EndGlobalSection
	GlobalSection(ProjectConfigurationPlatforms) = postSolution
		{9AE2F13A-2C88-4E01-AA8C-3FDA935C0CDE}.Debug|Any CPU.ActiveCfg = Debug|Any CPU
		{9AE2F13A-2C88-4E01-AA8C-3FDA935C0CDE}.Debug|Any CPU.Build.0 = Debug|Any CPU
		{9AE2F13A-2C88-4E01-AA8C-3FDA935C0CDE}.Release|Any CPU.ActiveCfg = Release|Any CPU
		{9AE2F13A-2C88-4E01-AA8C-3FDA935C0CDE}.Release|Any CPU.Build.0 = Release|Any CPU
	EndGlobalSection
	GlobalSection(SolutionProperties) = preSolution
		HideSolutionNode = FALSE
	EndGlobalSection
EndGlobal
